
Microsoft Visual Studio Solution File, Format Version 12.00
# Visual Studio 15
VisualStudioVersion = 15.0.28010.2046
MinimumVisualStudioVersion = 10.0.40219.1
Project("{FAE04EC0-301F-11D3-BF4B-00C04F79EFBC}") = "WindowsInstaller", "WindowsInstaller\WindowsInstaller.csproj", "{A5C160E3-AB60-46B7-B00C-892B47652EA9}"
	ProjectSection(ProjectDependencies) = postProject
		{0F000860-8858-406E-93CE-5D130AF59B89} = {0F000860-8858-406E-93CE-5D130AF59B89}
		{396D209A-C14E-41E6-9A2E-82D867F52D86} = {396D209A-C14E-41E6-9A2E-82D867F52D86}
	EndProjectSection
EndProject
Project("{FAE04EC0-301F-11D3-BF4B-00C04F79EFBC}") = "TestingGUI", "TestingGUI\TestingGUI.csproj", "{A05DE8AB-C4B3-4BD4-AEAF-AA28C4D46287}"
EndProject
Project("{FAE04EC0-301F-11D3-BF4B-00C04F79EFBC}") = "Windows", "CPVulnerabilityFramework\Windows.csproj", "{AB64399D-4736-4E7C-8E28-E1B315560FE0}"
	ProjectSection(ProjectDependencies) = postProject
		{0641B90A-B83B-4C2D-8788-9D9C216E835A} = {0641B90A-B83B-4C2D-8788-9D9C216E835A}
		{0F000860-8858-406E-93CE-5D130AF59B89} = {0F000860-8858-406E-93CE-5D130AF59B89}
		{396D209A-C14E-41E6-9A2E-82D867F52D86} = {396D209A-C14E-41E6-9A2E-82D867F52D86}
	EndProjectSection
EndProject
Project("{FAE04EC0-301F-11D3-BF4B-00C04F79EFBC}") = "WindowsEngine", "WindowsEngine\WindowsEngine.csproj", "{0E50B61B-880F-452D-A059-DEC50B51CFF1}"
	ProjectSection(ProjectDependencies) = postProject
		{0641B90A-B83B-4C2D-8788-9D9C216E835A} = {0641B90A-B83B-4C2D-8788-9D9C216E835A}
	EndProjectSection
EndProject
Project("{9A19103F-16F7-4668-BE54-9A1E7A4F7556}") = "InstallerCore", "InstallerCore\InstallerCore.csproj", "{0F000860-8858-406E-93CE-5D130AF59B89}"
EndProject
Project("{2150E333-8FDC-42A3-9474-1A3956D46DE8}") = "Windows", "Windows", "{BFF50FEA-2237-43AE-B2DD-39C96E3F2122}"
EndProject
Project("{2150E333-8FDC-42A3-9474-1A3956D46DE8}") = "Linux", "Linux", "{1E22AC07-9E6C-473D-86F4-AFDFC58E210C}"
EndProject
Project("{2150E333-8FDC-42A3-9474-1A3956D46DE8}") = "Core", "Core", "{5EC8A91F-7249-45A6-87D1-1BC553603D45}"
EndProject
Project("{2150E333-8FDC-42A3-9474-1A3956D46DE8}") = "Web", "Web", "{26ACF030-06B7-4B8B-97C7-8EB1B3E29048}"
EndProject
Project("{2150E333-8FDC-42A3-9474-1A3956D46DE8}") = "Debugging", "Debugging", "{ADB392E9-F005-48A2-B80D-5D921320D010}"
EndProject
Project("{9A19103F-16F7-4668-BE54-9A1E7A4F7556}") = "EngineCore", "EngineCore\EngineCore.csproj", "{0641B90A-B83B-4C2D-8788-9D9C216E835A}"
EndProject
Project("{9A19103F-16F7-4668-BE54-9A1E7A4F7556}") = "LinuxInstaller", "LinuxInstaller\LinuxInstaller.csproj", "{FE27A5C7-BADC-40C5-8324-D320D3EAC1AE}"
	ProjectSection(ProjectDependencies) = postProject
		{0F000860-8858-406E-93CE-5D130AF59B89} = {0F000860-8858-406E-93CE-5D130AF59B89}
		{396D209A-C14E-41E6-9A2E-82D867F52D86} = {396D209A-C14E-41E6-9A2E-82D867F52D86}
	EndProjectSection
EndProject
Project("{9A19103F-16F7-4668-BE54-9A1E7A4F7556}") = "LinuxEngine", "LinuxEngine\LinuxEngine.csproj", "{29783B40-215D-4A0F-975B-79EA34D3281A}"
	ProjectSection(ProjectDependencies) = postProject
		{0641B90A-B83B-4C2D-8788-9D9C216E835A} = {0641B90A-B83B-4C2D-8788-9D9C216E835A}
	EndProjectSection
EndProject
Project("{FAE04EC0-301F-11D3-BF4B-00C04F79EFBC}") = "TemplateTranslation", "TemplateTranslation\TemplateTranslation.csproj", "{396D209A-C14E-41E6-9A2E-82D867F52D86}"
EndProject
Project("{FAE04EC0-301F-11D3-BF4B-00C04F79EFBC}") = "WindowsOfflineForensics", "WindowsOfflineForensics\WindowsOfflineForensics.csproj", "{02CB3761-E0AE-45F3-A568-6AB202E2A8D5}"
EndProject
Project("{8BC9CEB8-8B4A-11D0-8D11-00A0C91BC942}") = "DynamixAC", "DynamixAC\DynamixAC.vcxproj", "{CF24B4D5-AFCF-4182-A293-21ABCA95C7BD}"
EndProject
Global
	GlobalSection(SolutionConfigurationPlatforms) = preSolution
		Debug|Any CPU = Debug|Any CPU
		Debug|ARM = Debug|ARM
		Debug|ARM64 = Debug|ARM64
		Debug|x64 = Debug|x64
		Debug|x86 = Debug|x86
		DebugOffline|Any CPU = DebugOffline|Any CPU
		DebugOffline|ARM = DebugOffline|ARM
		DebugOffline|ARM64 = DebugOffline|ARM64
		DebugOffline|x64 = DebugOffline|x64
		DebugOffline|x86 = DebugOffline|x86
		DebugOnline|Any CPU = DebugOnline|Any CPU
		DebugOnline|ARM = DebugOnline|ARM
		DebugOnline|ARM64 = DebugOnline|ARM64
		DebugOnline|x64 = DebugOnline|x64
		DebugOnline|x86 = DebugOnline|x86
		Release|Any CPU = Release|Any CPU
		Release|ARM = Release|ARM
		Release|ARM64 = Release|ARM64
		Release|x64 = Release|x64
		Release|x86 = Release|x86
	EndGlobalSection
	GlobalSection(ProjectConfigurationPlatforms) = postSolution
		{A5C160E3-AB60-46B7-B00C-892B47652EA9}.Debug|Any CPU.ActiveCfg = Debug|Any CPU
		{A5C160E3-AB60-46B7-B00C-892B47652EA9}.Debug|Any CPU.Build.0 = Debug|Any CPU
		{A5C160E3-AB60-46B7-B00C-892B47652EA9}.Debug|ARM.ActiveCfg = Debug|Any CPU
		{A5C160E3-AB60-46B7-B00C-892B47652EA9}.Debug|ARM.Build.0 = Debug|Any CPU
		{A5C160E3-AB60-46B7-B00C-892B47652EA9}.Debug|ARM64.ActiveCfg = Debug|Any CPU
		{A5C160E3-AB60-46B7-B00C-892B47652EA9}.Debug|ARM64.Build.0 = Debug|Any CPU
		{A5C160E3-AB60-46B7-B00C-892B47652EA9}.Debug|x64.ActiveCfg = Debug|Any CPU
		{A5C160E3-AB60-46B7-B00C-892B47652EA9}.Debug|x64.Build.0 = Debug|Any CPU
		{A5C160E3-AB60-46B7-B00C-892B47652EA9}.Debug|x86.ActiveCfg = Debug|Any CPU
		{A5C160E3-AB60-46B7-B00C-892B47652EA9}.Debug|x86.Build.0 = Debug|Any CPU
		{A5C160E3-AB60-46B7-B00C-892B47652EA9}.DebugOffline|Any CPU.ActiveCfg = DebugOffline|Any CPU
		{A5C160E3-AB60-46B7-B00C-892B47652EA9}.DebugOffline|Any CPU.Build.0 = DebugOffline|Any CPU
		{A5C160E3-AB60-46B7-B00C-892B47652EA9}.DebugOffline|ARM.ActiveCfg = DebugOffline|Any CPU
		{A5C160E3-AB60-46B7-B00C-892B47652EA9}.DebugOffline|ARM.Build.0 = DebugOffline|Any CPU
		{A5C160E3-AB60-46B7-B00C-892B47652EA9}.DebugOffline|ARM64.ActiveCfg = DebugOffline|Any CPU
		{A5C160E3-AB60-46B7-B00C-892B47652EA9}.DebugOffline|ARM64.Build.0 = DebugOffline|Any CPU
		{A5C160E3-AB60-46B7-B00C-892B47652EA9}.DebugOffline|x64.ActiveCfg = DebugOffline|Any CPU
		{A5C160E3-AB60-46B7-B00C-892B47652EA9}.DebugOffline|x64.Build.0 = DebugOffline|Any CPU
		{A5C160E3-AB60-46B7-B00C-892B47652EA9}.DebugOffline|x86.ActiveCfg = DebugOffline|Any CPU
		{A5C160E3-AB60-46B7-B00C-892B47652EA9}.DebugOffline|x86.Build.0 = DebugOffline|Any CPU
		{A5C160E3-AB60-46B7-B00C-892B47652EA9}.DebugOnline|Any CPU.ActiveCfg = DebugOnline|Any CPU
		{A5C160E3-AB60-46B7-B00C-892B47652EA9}.DebugOnline|Any CPU.Build.0 = DebugOnline|Any CPU
		{A5C160E3-AB60-46B7-B00C-892B47652EA9}.DebugOnline|ARM.ActiveCfg = DebugOnline|Any CPU
		{A5C160E3-AB60-46B7-B00C-892B47652EA9}.DebugOnline|ARM.Build.0 = DebugOnline|Any CPU
		{A5C160E3-AB60-46B7-B00C-892B47652EA9}.DebugOnline|ARM64.ActiveCfg = DebugOnline|Any CPU
		{A5C160E3-AB60-46B7-B00C-892B47652EA9}.DebugOnline|ARM64.Build.0 = DebugOnline|Any CPU
		{A5C160E3-AB60-46B7-B00C-892B47652EA9}.DebugOnline|x64.ActiveCfg = DebugOnline|Any CPU
		{A5C160E3-AB60-46B7-B00C-892B47652EA9}.DebugOnline|x64.Build.0 = DebugOnline|Any CPU
		{A5C160E3-AB60-46B7-B00C-892B47652EA9}.DebugOnline|x86.ActiveCfg = DebugOnline|Any CPU
		{A5C160E3-AB60-46B7-B00C-892B47652EA9}.DebugOnline|x86.Build.0 = DebugOnline|Any CPU
		{A5C160E3-AB60-46B7-B00C-892B47652EA9}.Release|Any CPU.ActiveCfg = Release|Any CPU
		{A5C160E3-AB60-46B7-B00C-892B47652EA9}.Release|Any CPU.Build.0 = Release|Any CPU
		{A5C160E3-AB60-46B7-B00C-892B47652EA9}.Release|ARM.ActiveCfg = Release|Any CPU
		{A5C160E3-AB60-46B7-B00C-892B47652EA9}.Release|ARM.Build.0 = Release|Any CPU
		{A5C160E3-AB60-46B7-B00C-892B47652EA9}.Release|ARM64.ActiveCfg = Release|Any CPU
		{A5C160E3-AB60-46B7-B00C-892B47652EA9}.Release|ARM64.Build.0 = Release|Any CPU
		{A5C160E3-AB60-46B7-B00C-892B47652EA9}.Release|x64.ActiveCfg = Release|Any CPU
		{A5C160E3-AB60-46B7-B00C-892B47652EA9}.Release|x64.Build.0 = Release|Any CPU
		{A5C160E3-AB60-46B7-B00C-892B47652EA9}.Release|x86.ActiveCfg = Release|Any CPU
		{A5C160E3-AB60-46B7-B00C-892B47652EA9}.Release|x86.Build.0 = Release|Any CPU
		{A05DE8AB-C4B3-4BD4-AEAF-AA28C4D46287}.Debug|Any CPU.ActiveCfg = Debug|Any CPU
		{A05DE8AB-C4B3-4BD4-AEAF-AA28C4D46287}.Debug|Any CPU.Build.0 = Debug|Any CPU
		{A05DE8AB-C4B3-4BD4-AEAF-AA28C4D46287}.Debug|ARM.ActiveCfg = Debug|Any CPU
		{A05DE8AB-C4B3-4BD4-AEAF-AA28C4D46287}.Debug|ARM.Build.0 = Debug|Any CPU
		{A05DE8AB-C4B3-4BD4-AEAF-AA28C4D46287}.Debug|ARM64.ActiveCfg = Debug|Any CPU
		{A05DE8AB-C4B3-4BD4-AEAF-AA28C4D46287}.Debug|ARM64.Build.0 = Debug|Any CPU
		{A05DE8AB-C4B3-4BD4-AEAF-AA28C4D46287}.Debug|x64.ActiveCfg = Debug|Any CPU
		{A05DE8AB-C4B3-4BD4-AEAF-AA28C4D46287}.Debug|x64.Build.0 = Debug|Any CPU
		{A05DE8AB-C4B3-4BD4-AEAF-AA28C4D46287}.Debug|x86.ActiveCfg = Debug|Any CPU
		{A05DE8AB-C4B3-4BD4-AEAF-AA28C4D46287}.Debug|x86.Build.0 = Debug|Any CPU
		{A05DE8AB-C4B3-4BD4-AEAF-AA28C4D46287}.DebugOffline|Any CPU.ActiveCfg = DebugOffline|Any CPU
		{A05DE8AB-C4B3-4BD4-AEAF-AA28C4D46287}.DebugOffline|Any CPU.Build.0 = DebugOffline|Any CPU
		{A05DE8AB-C4B3-4BD4-AEAF-AA28C4D46287}.DebugOffline|ARM.ActiveCfg = DebugOffline|Any CPU
		{A05DE8AB-C4B3-4BD4-AEAF-AA28C4D46287}.DebugOffline|ARM.Build.0 = DebugOffline|Any CPU
		{A05DE8AB-C4B3-4BD4-AEAF-AA28C4D46287}.DebugOffline|ARM64.ActiveCfg = DebugOffline|Any CPU
		{A05DE8AB-C4B3-4BD4-AEAF-AA28C4D46287}.DebugOffline|ARM64.Build.0 = DebugOffline|Any CPU
		{A05DE8AB-C4B3-4BD4-AEAF-AA28C4D46287}.DebugOffline|x64.ActiveCfg = DebugOffline|Any CPU
		{A05DE8AB-C4B3-4BD4-AEAF-AA28C4D46287}.DebugOffline|x64.Build.0 = DebugOffline|Any CPU
		{A05DE8AB-C4B3-4BD4-AEAF-AA28C4D46287}.DebugOffline|x86.ActiveCfg = DebugOffline|Any CPU
		{A05DE8AB-C4B3-4BD4-AEAF-AA28C4D46287}.DebugOffline|x86.Build.0 = DebugOffline|Any CPU
		{A05DE8AB-C4B3-4BD4-AEAF-AA28C4D46287}.DebugOnline|Any CPU.ActiveCfg = DebugOnline|Any CPU
		{A05DE8AB-C4B3-4BD4-AEAF-AA28C4D46287}.DebugOnline|Any CPU.Build.0 = DebugOnline|Any CPU
		{A05DE8AB-C4B3-4BD4-AEAF-AA28C4D46287}.DebugOnline|ARM.ActiveCfg = DebugOnline|Any CPU
		{A05DE8AB-C4B3-4BD4-AEAF-AA28C4D46287}.DebugOnline|ARM.Build.0 = DebugOnline|Any CPU
		{A05DE8AB-C4B3-4BD4-AEAF-AA28C4D46287}.DebugOnline|ARM64.ActiveCfg = DebugOnline|Any CPU
		{A05DE8AB-C4B3-4BD4-AEAF-AA28C4D46287}.DebugOnline|ARM64.Build.0 = DebugOnline|Any CPU
		{A05DE8AB-C4B3-4BD4-AEAF-AA28C4D46287}.DebugOnline|x64.ActiveCfg = DebugOnline|Any CPU
		{A05DE8AB-C4B3-4BD4-AEAF-AA28C4D46287}.DebugOnline|x64.Build.0 = DebugOnline|Any CPU
		{A05DE8AB-C4B3-4BD4-AEAF-AA28C4D46287}.DebugOnline|x86.ActiveCfg = DebugOnline|Any CPU
		{A05DE8AB-C4B3-4BD4-AEAF-AA28C4D46287}.DebugOnline|x86.Build.0 = DebugOnline|Any CPU
		{A05DE8AB-C4B3-4BD4-AEAF-AA28C4D46287}.Release|Any CPU.ActiveCfg = Release|Any CPU
		{A05DE8AB-C4B3-4BD4-AEAF-AA28C4D46287}.Release|Any CPU.Build.0 = Release|Any CPU
		{A05DE8AB-C4B3-4BD4-AEAF-AA28C4D46287}.Release|ARM.ActiveCfg = Release|Any CPU
		{A05DE8AB-C4B3-4BD4-AEAF-AA28C4D46287}.Release|ARM.Build.0 = Release|Any CPU
		{A05DE8AB-C4B3-4BD4-AEAF-AA28C4D46287}.Release|ARM64.ActiveCfg = Release|Any CPU
		{A05DE8AB-C4B3-4BD4-AEAF-AA28C4D46287}.Release|ARM64.Build.0 = Release|Any CPU
		{A05DE8AB-C4B3-4BD4-AEAF-AA28C4D46287}.Release|x64.ActiveCfg = Release|Any CPU
		{A05DE8AB-C4B3-4BD4-AEAF-AA28C4D46287}.Release|x64.Build.0 = Release|Any CPU
		{A05DE8AB-C4B3-4BD4-AEAF-AA28C4D46287}.Release|x86.ActiveCfg = Release|Any CPU
		{A05DE8AB-C4B3-4BD4-AEAF-AA28C4D46287}.Release|x86.Build.0 = Release|Any CPU
		{AB64399D-4736-4E7C-8E28-E1B315560FE0}.Debug|Any CPU.ActiveCfg = Debug|Any CPU
		{AB64399D-4736-4E7C-8E28-E1B315560FE0}.Debug|Any CPU.Build.0 = Debug|Any CPU
		{AB64399D-4736-4E7C-8E28-E1B315560FE0}.Debug|ARM.ActiveCfg = Debug|Any CPU
		{AB64399D-4736-4E7C-8E28-E1B315560FE0}.Debug|ARM.Build.0 = Debug|Any CPU
		{AB64399D-4736-4E7C-8E28-E1B315560FE0}.Debug|ARM64.ActiveCfg = Debug|Any CPU
		{AB64399D-4736-4E7C-8E28-E1B315560FE0}.Debug|ARM64.Build.0 = Debug|Any CPU
		{AB64399D-4736-4E7C-8E28-E1B315560FE0}.Debug|x64.ActiveCfg = Debug|Any CPU
		{AB64399D-4736-4E7C-8E28-E1B315560FE0}.Debug|x64.Build.0 = Debug|Any CPU
		{AB64399D-4736-4E7C-8E28-E1B315560FE0}.Debug|x86.ActiveCfg = Debug|Any CPU
		{AB64399D-4736-4E7C-8E28-E1B315560FE0}.Debug|x86.Build.0 = Debug|Any CPU
		{AB64399D-4736-4E7C-8E28-E1B315560FE0}.DebugOffline|Any CPU.ActiveCfg = DebugOffline|Any CPU
		{AB64399D-4736-4E7C-8E28-E1B315560FE0}.DebugOffline|Any CPU.Build.0 = DebugOffline|Any CPU
		{AB64399D-4736-4E7C-8E28-E1B315560FE0}.DebugOffline|ARM.ActiveCfg = DebugOffline|Any CPU
		{AB64399D-4736-4E7C-8E28-E1B315560FE0}.DebugOffline|ARM.Build.0 = DebugOffline|Any CPU
		{AB64399D-4736-4E7C-8E28-E1B315560FE0}.DebugOffline|ARM64.ActiveCfg = DebugOffline|Any CPU
		{AB64399D-4736-4E7C-8E28-E1B315560FE0}.DebugOffline|ARM64.Build.0 = DebugOffline|Any CPU
		{AB64399D-4736-4E7C-8E28-E1B315560FE0}.DebugOffline|x64.ActiveCfg = DebugOffline|Any CPU
		{AB64399D-4736-4E7C-8E28-E1B315560FE0}.DebugOffline|x64.Build.0 = DebugOffline|Any CPU
		{AB64399D-4736-4E7C-8E28-E1B315560FE0}.DebugOffline|x86.ActiveCfg = DebugOffline|Any CPU
		{AB64399D-4736-4E7C-8E28-E1B315560FE0}.DebugOffline|x86.Build.0 = DebugOffline|Any CPU
		{AB64399D-4736-4E7C-8E28-E1B315560FE0}.DebugOnline|Any CPU.ActiveCfg = DebugOnline|Any CPU
		{AB64399D-4736-4E7C-8E28-E1B315560FE0}.DebugOnline|Any CPU.Build.0 = DebugOnline|Any CPU
		{AB64399D-4736-4E7C-8E28-E1B315560FE0}.DebugOnline|ARM.ActiveCfg = DebugOnline|Any CPU
		{AB64399D-4736-4E7C-8E28-E1B315560FE0}.DebugOnline|ARM.Build.0 = DebugOnline|Any CPU
		{AB64399D-4736-4E7C-8E28-E1B315560FE0}.DebugOnline|ARM64.ActiveCfg = DebugOnline|Any CPU
		{AB64399D-4736-4E7C-8E28-E1B315560FE0}.DebugOnline|ARM64.Build.0 = DebugOnline|Any CPU
		{AB64399D-4736-4E7C-8E28-E1B315560FE0}.DebugOnline|x64.ActiveCfg = DebugOnline|Any CPU
		{AB64399D-4736-4E7C-8E28-E1B315560FE0}.DebugOnline|x64.Build.0 = DebugOnline|Any CPU
		{AB64399D-4736-4E7C-8E28-E1B315560FE0}.DebugOnline|x86.ActiveCfg = DebugOnline|Any CPU
		{AB64399D-4736-4E7C-8E28-E1B315560FE0}.DebugOnline|x86.Build.0 = DebugOnline|Any CPU
		{AB64399D-4736-4E7C-8E28-E1B315560FE0}.Release|Any CPU.ActiveCfg = Release|Any CPU
		{AB64399D-4736-4E7C-8E28-E1B315560FE0}.Release|Any CPU.Build.0 = Release|Any CPU
		{AB64399D-4736-4E7C-8E28-E1B315560FE0}.Release|ARM.ActiveCfg = Release|Any CPU
		{AB64399D-4736-4E7C-8E28-E1B315560FE0}.Release|ARM.Build.0 = Release|Any CPU
		{AB64399D-4736-4E7C-8E28-E1B315560FE0}.Release|ARM64.ActiveCfg = Release|Any CPU
		{AB64399D-4736-4E7C-8E28-E1B315560FE0}.Release|ARM64.Build.0 = Release|Any CPU
		{AB64399D-4736-4E7C-8E28-E1B315560FE0}.Release|x64.ActiveCfg = Release|Any CPU
		{AB64399D-4736-4E7C-8E28-E1B315560FE0}.Release|x64.Build.0 = Release|Any CPU
		{AB64399D-4736-4E7C-8E28-E1B315560FE0}.Release|x86.ActiveCfg = Release|Any CPU
		{AB64399D-4736-4E7C-8E28-E1B315560FE0}.Release|x86.Build.0 = Release|Any CPU
		{0E50B61B-880F-452D-A059-DEC50B51CFF1}.Debug|Any CPU.ActiveCfg = Debug|Any CPU
		{0E50B61B-880F-452D-A059-DEC50B51CFF1}.Debug|Any CPU.Build.0 = Debug|Any CPU
		{0E50B61B-880F-452D-A059-DEC50B51CFF1}.Debug|ARM.ActiveCfg = Debug|Any CPU
		{0E50B61B-880F-452D-A059-DEC50B51CFF1}.Debug|ARM.Build.0 = Debug|Any CPU
		{0E50B61B-880F-452D-A059-DEC50B51CFF1}.Debug|ARM64.ActiveCfg = Debug|Any CPU
		{0E50B61B-880F-452D-A059-DEC50B51CFF1}.Debug|ARM64.Build.0 = Debug|Any CPU
		{0E50B61B-880F-452D-A059-DEC50B51CFF1}.Debug|x64.ActiveCfg = Debug|Any CPU
		{0E50B61B-880F-452D-A059-DEC50B51CFF1}.Debug|x64.Build.0 = Debug|Any CPU
		{0E50B61B-880F-452D-A059-DEC50B51CFF1}.Debug|x86.ActiveCfg = Debug|Any CPU
		{0E50B61B-880F-452D-A059-DEC50B51CFF1}.Debug|x86.Build.0 = Debug|Any CPU
		{0E50B61B-880F-452D-A059-DEC50B51CFF1}.DebugOffline|Any CPU.ActiveCfg = DebugOffline|Any CPU
		{0E50B61B-880F-452D-A059-DEC50B51CFF1}.DebugOffline|Any CPU.Build.0 = DebugOffline|Any CPU
		{0E50B61B-880F-452D-A059-DEC50B51CFF1}.DebugOffline|ARM.ActiveCfg = DebugOffline|Any CPU
		{0E50B61B-880F-452D-A059-DEC50B51CFF1}.DebugOffline|ARM.Build.0 = DebugOffline|Any CPU
		{0E50B61B-880F-452D-A059-DEC50B51CFF1}.DebugOffline|ARM64.ActiveCfg = DebugOffline|Any CPU
		{0E50B61B-880F-452D-A059-DEC50B51CFF1}.DebugOffline|ARM64.Build.0 = DebugOffline|Any CPU
		{0E50B61B-880F-452D-A059-DEC50B51CFF1}.DebugOffline|x64.ActiveCfg = DebugOffline|Any CPU
		{0E50B61B-880F-452D-A059-DEC50B51CFF1}.DebugOffline|x64.Build.0 = DebugOffline|Any CPU
		{0E50B61B-880F-452D-A059-DEC50B51CFF1}.DebugOffline|x86.ActiveCfg = DebugOffline|Any CPU
		{0E50B61B-880F-452D-A059-DEC50B51CFF1}.DebugOffline|x86.Build.0 = DebugOffline|Any CPU
		{0E50B61B-880F-452D-A059-DEC50B51CFF1}.DebugOnline|Any CPU.ActiveCfg = DebugOnline|Any CPU
		{0E50B61B-880F-452D-A059-DEC50B51CFF1}.DebugOnline|Any CPU.Build.0 = DebugOnline|Any CPU
		{0E50B61B-880F-452D-A059-DEC50B51CFF1}.DebugOnline|ARM.ActiveCfg = DebugOnline|Any CPU
		{0E50B61B-880F-452D-A059-DEC50B51CFF1}.DebugOnline|ARM.Build.0 = DebugOnline|Any CPU
		{0E50B61B-880F-452D-A059-DEC50B51CFF1}.DebugOnline|ARM64.ActiveCfg = DebugOnline|Any CPU
		{0E50B61B-880F-452D-A059-DEC50B51CFF1}.DebugOnline|ARM64.Build.0 = DebugOnline|Any CPU
		{0E50B61B-880F-452D-A059-DEC50B51CFF1}.DebugOnline|x64.ActiveCfg = DebugOnline|Any CPU
		{0E50B61B-880F-452D-A059-DEC50B51CFF1}.DebugOnline|x64.Build.0 = DebugOnline|Any CPU
		{0E50B61B-880F-452D-A059-DEC50B51CFF1}.DebugOnline|x86.ActiveCfg = DebugOnline|Any CPU
		{0E50B61B-880F-452D-A059-DEC50B51CFF1}.DebugOnline|x86.Build.0 = DebugOnline|Any CPU
		{0E50B61B-880F-452D-A059-DEC50B51CFF1}.Release|Any CPU.ActiveCfg = Release|Any CPU
		{0E50B61B-880F-452D-A059-DEC50B51CFF1}.Release|Any CPU.Build.0 = Release|Any CPU
		{0E50B61B-880F-452D-A059-DEC50B51CFF1}.Release|ARM.ActiveCfg = Release|Any CPU
		{0E50B61B-880F-452D-A059-DEC50B51CFF1}.Release|ARM.Build.0 = Release|Any CPU
		{0E50B61B-880F-452D-A059-DEC50B51CFF1}.Release|ARM64.ActiveCfg = Release|Any CPU
		{0E50B61B-880F-452D-A059-DEC50B51CFF1}.Release|ARM64.Build.0 = Release|Any CPU
		{0E50B61B-880F-452D-A059-DEC50B51CFF1}.Release|x64.ActiveCfg = Release|Any CPU
		{0E50B61B-880F-452D-A059-DEC50B51CFF1}.Release|x64.Build.0 = Release|Any CPU
		{0E50B61B-880F-452D-A059-DEC50B51CFF1}.Release|x86.ActiveCfg = Release|Any CPU
		{0E50B61B-880F-452D-A059-DEC50B51CFF1}.Release|x86.Build.0 = Release|Any CPU
		{0F000860-8858-406E-93CE-5D130AF59B89}.Debug|Any CPU.ActiveCfg = Debug|Any CPU
		{0F000860-8858-406E-93CE-5D130AF59B89}.Debug|Any CPU.Build.0 = Debug|Any CPU
		{0F000860-8858-406E-93CE-5D130AF59B89}.Debug|ARM.ActiveCfg = Debug|Any CPU
		{0F000860-8858-406E-93CE-5D130AF59B89}.Debug|ARM.Build.0 = Debug|Any CPU
		{0F000860-8858-406E-93CE-5D130AF59B89}.Debug|ARM64.ActiveCfg = Debug|Any CPU
		{0F000860-8858-406E-93CE-5D130AF59B89}.Debug|ARM64.Build.0 = Debug|Any CPU
		{0F000860-8858-406E-93CE-5D130AF59B89}.Debug|x64.ActiveCfg = Debug|Any CPU
		{0F000860-8858-406E-93CE-5D130AF59B89}.Debug|x64.Build.0 = Debug|Any CPU
		{0F000860-8858-406E-93CE-5D130AF59B89}.Debug|x86.ActiveCfg = Debug|Any CPU
		{0F000860-8858-406E-93CE-5D130AF59B89}.Debug|x86.Build.0 = Debug|Any CPU
		{0F000860-8858-406E-93CE-5D130AF59B89}.DebugOffline|Any CPU.ActiveCfg = DebugOffline|Any CPU
		{0F000860-8858-406E-93CE-5D130AF59B89}.DebugOffline|Any CPU.Build.0 = DebugOffline|Any CPU
		{0F000860-8858-406E-93CE-5D130AF59B89}.DebugOffline|ARM.ActiveCfg = DebugOffline|Any CPU
		{0F000860-8858-406E-93CE-5D130AF59B89}.DebugOffline|ARM.Build.0 = DebugOffline|Any CPU
		{0F000860-8858-406E-93CE-5D130AF59B89}.DebugOffline|ARM64.ActiveCfg = DebugOffline|Any CPU
		{0F000860-8858-406E-93CE-5D130AF59B89}.DebugOffline|ARM64.Build.0 = DebugOffline|Any CPU
		{0F000860-8858-406E-93CE-5D130AF59B89}.DebugOffline|x64.ActiveCfg = DebugOffline|Any CPU
		{0F000860-8858-406E-93CE-5D130AF59B89}.DebugOffline|x64.Build.0 = DebugOffline|Any CPU
		{0F000860-8858-406E-93CE-5D130AF59B89}.DebugOffline|x86.ActiveCfg = DebugOffline|Any CPU
		{0F000860-8858-406E-93CE-5D130AF59B89}.DebugOffline|x86.Build.0 = DebugOffline|Any CPU
		{0F000860-8858-406E-93CE-5D130AF59B89}.DebugOnline|Any CPU.ActiveCfg = DebugOnline|Any CPU
		{0F000860-8858-406E-93CE-5D130AF59B89}.DebugOnline|Any CPU.Build.0 = DebugOnline|Any CPU
		{0F000860-8858-406E-93CE-5D130AF59B89}.DebugOnline|ARM.ActiveCfg = DebugOnline|Any CPU
		{0F000860-8858-406E-93CE-5D130AF59B89}.DebugOnline|ARM.Build.0 = DebugOnline|Any CPU
		{0F000860-8858-406E-93CE-5D130AF59B89}.DebugOnline|ARM64.ActiveCfg = DebugOnline|Any CPU
		{0F000860-8858-406E-93CE-5D130AF59B89}.DebugOnline|ARM64.Build.0 = DebugOnline|Any CPU
		{0F000860-8858-406E-93CE-5D130AF59B89}.DebugOnline|x64.ActiveCfg = DebugOnline|Any CPU
		{0F000860-8858-406E-93CE-5D130AF59B89}.DebugOnline|x64.Build.0 = DebugOnline|Any CPU
		{0F000860-8858-406E-93CE-5D130AF59B89}.DebugOnline|x86.ActiveCfg = DebugOnline|Any CPU
		{0F000860-8858-406E-93CE-5D130AF59B89}.DebugOnline|x86.Build.0 = DebugOnline|Any CPU
		{0F000860-8858-406E-93CE-5D130AF59B89}.Release|Any CPU.ActiveCfg = Release|Any CPU
		{0F000860-8858-406E-93CE-5D130AF59B89}.Release|Any CPU.Build.0 = Release|Any CPU
		{0F000860-8858-406E-93CE-5D130AF59B89}.Release|ARM.ActiveCfg = Release|Any CPU
		{0F000860-8858-406E-93CE-5D130AF59B89}.Release|ARM.Build.0 = Release|Any CPU
		{0F000860-8858-406E-93CE-5D130AF59B89}.Release|ARM64.ActiveCfg = Release|Any CPU
		{0F000860-8858-406E-93CE-5D130AF59B89}.Release|ARM64.Build.0 = Release|Any CPU
		{0F000860-8858-406E-93CE-5D130AF59B89}.Release|x64.ActiveCfg = Release|Any CPU
		{0F000860-8858-406E-93CE-5D130AF59B89}.Release|x64.Build.0 = Release|Any CPU
		{0F000860-8858-406E-93CE-5D130AF59B89}.Release|x86.ActiveCfg = Release|Any CPU
		{0F000860-8858-406E-93CE-5D130AF59B89}.Release|x86.Build.0 = Release|Any CPU
		{0641B90A-B83B-4C2D-8788-9D9C216E835A}.Debug|Any CPU.ActiveCfg = Debug|Any CPU
		{0641B90A-B83B-4C2D-8788-9D9C216E835A}.Debug|Any CPU.Build.0 = Debug|Any CPU
		{0641B90A-B83B-4C2D-8788-9D9C216E835A}.Debug|ARM.ActiveCfg = Debug|Any CPU
		{0641B90A-B83B-4C2D-8788-9D9C216E835A}.Debug|ARM.Build.0 = Debug|Any CPU
		{0641B90A-B83B-4C2D-8788-9D9C216E835A}.Debug|ARM64.ActiveCfg = Debug|Any CPU
		{0641B90A-B83B-4C2D-8788-9D9C216E835A}.Debug|ARM64.Build.0 = Debug|Any CPU
		{0641B90A-B83B-4C2D-8788-9D9C216E835A}.Debug|x64.ActiveCfg = Debug|Any CPU
		{0641B90A-B83B-4C2D-8788-9D9C216E835A}.Debug|x64.Build.0 = Debug|Any CPU
		{0641B90A-B83B-4C2D-8788-9D9C216E835A}.Debug|x86.ActiveCfg = Debug|Any CPU
		{0641B90A-B83B-4C2D-8788-9D9C216E835A}.Debug|x86.Build.0 = Debug|Any CPU
		{0641B90A-B83B-4C2D-8788-9D9C216E835A}.DebugOffline|Any CPU.ActiveCfg = DebugOffline|Any CPU
		{0641B90A-B83B-4C2D-8788-9D9C216E835A}.DebugOffline|Any CPU.Build.0 = DebugOffline|Any CPU
		{0641B90A-B83B-4C2D-8788-9D9C216E835A}.DebugOffline|ARM.ActiveCfg = DebugOffline|Any CPU
		{0641B90A-B83B-4C2D-8788-9D9C216E835A}.DebugOffline|ARM.Build.0 = DebugOffline|Any CPU
		{0641B90A-B83B-4C2D-8788-9D9C216E835A}.DebugOffline|ARM64.ActiveCfg = DebugOffline|Any CPU
		{0641B90A-B83B-4C2D-8788-9D9C216E835A}.DebugOffline|ARM64.Build.0 = DebugOffline|Any CPU
		{0641B90A-B83B-4C2D-8788-9D9C216E835A}.DebugOffline|x64.ActiveCfg = DebugOffline|Any CPU
		{0641B90A-B83B-4C2D-8788-9D9C216E835A}.DebugOffline|x64.Build.0 = DebugOffline|Any CPU
		{0641B90A-B83B-4C2D-8788-9D9C216E835A}.DebugOffline|x86.ActiveCfg = DebugOffline|Any CPU
		{0641B90A-B83B-4C2D-8788-9D9C216E835A}.DebugOffline|x86.Build.0 = DebugOffline|Any CPU
		{0641B90A-B83B-4C2D-8788-9D9C216E835A}.DebugOnline|Any CPU.ActiveCfg = DebugOnline|Any CPU
		{0641B90A-B83B-4C2D-8788-9D9C216E835A}.DebugOnline|Any CPU.Build.0 = DebugOnline|Any CPU
		{0641B90A-B83B-4C2D-8788-9D9C216E835A}.DebugOnline|ARM.ActiveCfg = DebugOnline|Any CPU
		{0641B90A-B83B-4C2D-8788-9D9C216E835A}.DebugOnline|ARM.Build.0 = DebugOnline|Any CPU
		{0641B90A-B83B-4C2D-8788-9D9C216E835A}.DebugOnline|ARM64.ActiveCfg = DebugOnline|Any CPU
		{0641B90A-B83B-4C2D-8788-9D9C216E835A}.DebugOnline|ARM64.Build.0 = DebugOnline|Any CPU
		{0641B90A-B83B-4C2D-8788-9D9C216E835A}.DebugOnline|x64.ActiveCfg = DebugOnline|Any CPU
		{0641B90A-B83B-4C2D-8788-9D9C216E835A}.DebugOnline|x64.Build.0 = DebugOnline|Any CPU
		{0641B90A-B83B-4C2D-8788-9D9C216E835A}.DebugOnline|x86.ActiveCfg = DebugOnline|Any CPU
		{0641B90A-B83B-4C2D-8788-9D9C216E835A}.DebugOnline|x86.Build.0 = DebugOnline|Any CPU
		{0641B90A-B83B-4C2D-8788-9D9C216E835A}.Release|Any CPU.ActiveCfg = Release|Any CPU
		{0641B90A-B83B-4C2D-8788-9D9C216E835A}.Release|Any CPU.Build.0 = Release|Any CPU
		{0641B90A-B83B-4C2D-8788-9D9C216E835A}.Release|ARM.ActiveCfg = Release|Any CPU
		{0641B90A-B83B-4C2D-8788-9D9C216E835A}.Release|ARM.Build.0 = Release|Any CPU
		{0641B90A-B83B-4C2D-8788-9D9C216E835A}.Release|ARM64.ActiveCfg = Release|Any CPU
		{0641B90A-B83B-4C2D-8788-9D9C216E835A}.Release|ARM64.Build.0 = Release|Any CPU
		{0641B90A-B83B-4C2D-8788-9D9C216E835A}.Release|x64.ActiveCfg = Release|Any CPU
		{0641B90A-B83B-4C2D-8788-9D9C216E835A}.Release|x64.Build.0 = Release|Any CPU
		{0641B90A-B83B-4C2D-8788-9D9C216E835A}.Release|x86.ActiveCfg = Release|Any CPU
		{0641B90A-B83B-4C2D-8788-9D9C216E835A}.Release|x86.Build.0 = Release|Any CPU
		{FE27A5C7-BADC-40C5-8324-D320D3EAC1AE}.Debug|Any CPU.ActiveCfg = Debug|Any CPU
		{FE27A5C7-BADC-40C5-8324-D320D3EAC1AE}.Debug|Any CPU.Build.0 = Debug|Any CPU
		{FE27A5C7-BADC-40C5-8324-D320D3EAC1AE}.Debug|ARM.ActiveCfg = Debug|Any CPU
		{FE27A5C7-BADC-40C5-8324-D320D3EAC1AE}.Debug|ARM.Build.0 = Debug|Any CPU
		{FE27A5C7-BADC-40C5-8324-D320D3EAC1AE}.Debug|ARM64.ActiveCfg = Debug|Any CPU
		{FE27A5C7-BADC-40C5-8324-D320D3EAC1AE}.Debug|ARM64.Build.0 = Debug|Any CPU
		{FE27A5C7-BADC-40C5-8324-D320D3EAC1AE}.Debug|x64.ActiveCfg = Debug|Any CPU
		{FE27A5C7-BADC-40C5-8324-D320D3EAC1AE}.Debug|x64.Build.0 = Debug|Any CPU
		{FE27A5C7-BADC-40C5-8324-D320D3EAC1AE}.Debug|x86.ActiveCfg = Debug|Any CPU
		{FE27A5C7-BADC-40C5-8324-D320D3EAC1AE}.Debug|x86.Build.0 = Debug|Any CPU
		{FE27A5C7-BADC-40C5-8324-D320D3EAC1AE}.DebugOffline|Any CPU.ActiveCfg = DebugOffline|Any CPU
		{FE27A5C7-BADC-40C5-8324-D320D3EAC1AE}.DebugOffline|Any CPU.Build.0 = DebugOffline|Any CPU
		{FE27A5C7-BADC-40C5-8324-D320D3EAC1AE}.DebugOffline|ARM.ActiveCfg = DebugOffline|Any CPU
		{FE27A5C7-BADC-40C5-8324-D320D3EAC1AE}.DebugOffline|ARM.Build.0 = DebugOffline|Any CPU
		{FE27A5C7-BADC-40C5-8324-D320D3EAC1AE}.DebugOffline|ARM64.ActiveCfg = DebugOffline|Any CPU
		{FE27A5C7-BADC-40C5-8324-D320D3EAC1AE}.DebugOffline|ARM64.Build.0 = DebugOffline|Any CPU
		{FE27A5C7-BADC-40C5-8324-D320D3EAC1AE}.DebugOffline|x64.ActiveCfg = DebugOffline|Any CPU
		{FE27A5C7-BADC-40C5-8324-D320D3EAC1AE}.DebugOffline|x64.Build.0 = DebugOffline|Any CPU
		{FE27A5C7-BADC-40C5-8324-D320D3EAC1AE}.DebugOffline|x86.ActiveCfg = DebugOffline|Any CPU
		{FE27A5C7-BADC-40C5-8324-D320D3EAC1AE}.DebugOffline|x86.Build.0 = DebugOffline|Any CPU
		{FE27A5C7-BADC-40C5-8324-D320D3EAC1AE}.DebugOnline|Any CPU.ActiveCfg = DebugOnline|Any CPU
		{FE27A5C7-BADC-40C5-8324-D320D3EAC1AE}.DebugOnline|Any CPU.Build.0 = DebugOnline|Any CPU
		{FE27A5C7-BADC-40C5-8324-D320D3EAC1AE}.DebugOnline|ARM.ActiveCfg = DebugOnline|Any CPU
		{FE27A5C7-BADC-40C5-8324-D320D3EAC1AE}.DebugOnline|ARM.Build.0 = DebugOnline|Any CPU
		{FE27A5C7-BADC-40C5-8324-D320D3EAC1AE}.DebugOnline|ARM64.ActiveCfg = DebugOnline|Any CPU
		{FE27A5C7-BADC-40C5-8324-D320D3EAC1AE}.DebugOnline|ARM64.Build.0 = DebugOnline|Any CPU
		{FE27A5C7-BADC-40C5-8324-D320D3EAC1AE}.DebugOnline|x64.ActiveCfg = DebugOnline|Any CPU
		{FE27A5C7-BADC-40C5-8324-D320D3EAC1AE}.DebugOnline|x64.Build.0 = DebugOnline|Any CPU
		{FE27A5C7-BADC-40C5-8324-D320D3EAC1AE}.DebugOnline|x86.ActiveCfg = DebugOnline|Any CPU
		{FE27A5C7-BADC-40C5-8324-D320D3EAC1AE}.DebugOnline|x86.Build.0 = DebugOnline|Any CPU
		{FE27A5C7-BADC-40C5-8324-D320D3EAC1AE}.Release|Any CPU.ActiveCfg = Release|Any CPU
		{FE27A5C7-BADC-40C5-8324-D320D3EAC1AE}.Release|Any CPU.Build.0 = Release|Any CPU
		{FE27A5C7-BADC-40C5-8324-D320D3EAC1AE}.Release|ARM.ActiveCfg = Release|Any CPU
		{FE27A5C7-BADC-40C5-8324-D320D3EAC1AE}.Release|ARM.Build.0 = Release|Any CPU
		{FE27A5C7-BADC-40C5-8324-D320D3EAC1AE}.Release|ARM64.ActiveCfg = Release|Any CPU
		{FE27A5C7-BADC-40C5-8324-D320D3EAC1AE}.Release|ARM64.Build.0 = Release|Any CPU
		{FE27A5C7-BADC-40C5-8324-D320D3EAC1AE}.Release|x64.ActiveCfg = Release|Any CPU
		{FE27A5C7-BADC-40C5-8324-D320D3EAC1AE}.Release|x64.Build.0 = Release|Any CPU
		{FE27A5C7-BADC-40C5-8324-D320D3EAC1AE}.Release|x86.ActiveCfg = Release|Any CPU
		{FE27A5C7-BADC-40C5-8324-D320D3EAC1AE}.Release|x86.Build.0 = Release|Any CPU
		{29783B40-215D-4A0F-975B-79EA34D3281A}.Debug|Any CPU.ActiveCfg = Debug|Any CPU
		{29783B40-215D-4A0F-975B-79EA34D3281A}.Debug|Any CPU.Build.0 = Debug|Any CPU
		{29783B40-215D-4A0F-975B-79EA34D3281A}.Debug|ARM.ActiveCfg = Debug|Any CPU
		{29783B40-215D-4A0F-975B-79EA34D3281A}.Debug|ARM.Build.0 = Debug|Any CPU
		{29783B40-215D-4A0F-975B-79EA34D3281A}.Debug|ARM64.ActiveCfg = Debug|Any CPU
		{29783B40-215D-4A0F-975B-79EA34D3281A}.Debug|ARM64.Build.0 = Debug|Any CPU
		{29783B40-215D-4A0F-975B-79EA34D3281A}.Debug|x64.ActiveCfg = Debug|Any CPU
		{29783B40-215D-4A0F-975B-79EA34D3281A}.Debug|x64.Build.0 = Debug|Any CPU
		{29783B40-215D-4A0F-975B-79EA34D3281A}.Debug|x86.ActiveCfg = Debug|Any CPU
		{29783B40-215D-4A0F-975B-79EA34D3281A}.Debug|x86.Build.0 = Debug|Any CPU
		{29783B40-215D-4A0F-975B-79EA34D3281A}.DebugOffline|Any CPU.ActiveCfg = DebugOffline|Any CPU
		{29783B40-215D-4A0F-975B-79EA34D3281A}.DebugOffline|Any CPU.Build.0 = DebugOffline|Any CPU
		{29783B40-215D-4A0F-975B-79EA34D3281A}.DebugOffline|ARM.ActiveCfg = DebugOffline|Any CPU
		{29783B40-215D-4A0F-975B-79EA34D3281A}.DebugOffline|ARM.Build.0 = DebugOffline|Any CPU
		{29783B40-215D-4A0F-975B-79EA34D3281A}.DebugOffline|ARM64.ActiveCfg = DebugOffline|Any CPU
		{29783B40-215D-4A0F-975B-79EA34D3281A}.DebugOffline|ARM64.Build.0 = DebugOffline|Any CPU
		{29783B40-215D-4A0F-975B-79EA34D3281A}.DebugOffline|x64.ActiveCfg = DebugOffline|Any CPU
		{29783B40-215D-4A0F-975B-79EA34D3281A}.DebugOffline|x64.Build.0 = DebugOffline|Any CPU
		{29783B40-215D-4A0F-975B-79EA34D3281A}.DebugOffline|x86.ActiveCfg = DebugOffline|Any CPU
		{29783B40-215D-4A0F-975B-79EA34D3281A}.DebugOffline|x86.Build.0 = DebugOffline|Any CPU
		{29783B40-215D-4A0F-975B-79EA34D3281A}.DebugOnline|Any CPU.ActiveCfg = DebugOnline|Any CPU
		{29783B40-215D-4A0F-975B-79EA34D3281A}.DebugOnline|Any CPU.Build.0 = DebugOnline|Any CPU
		{29783B40-215D-4A0F-975B-79EA34D3281A}.DebugOnline|ARM.ActiveCfg = DebugOnline|Any CPU
		{29783B40-215D-4A0F-975B-79EA34D3281A}.DebugOnline|ARM.Build.0 = DebugOnline|Any CPU
		{29783B40-215D-4A0F-975B-79EA34D3281A}.DebugOnline|ARM64.ActiveCfg = DebugOnline|Any CPU
		{29783B40-215D-4A0F-975B-79EA34D3281A}.DebugOnline|ARM64.Build.0 = DebugOnline|Any CPU
		{29783B40-215D-4A0F-975B-79EA34D3281A}.DebugOnline|x64.ActiveCfg = DebugOnline|Any CPU
		{29783B40-215D-4A0F-975B-79EA34D3281A}.DebugOnline|x64.Build.0 = DebugOnline|Any CPU
		{29783B40-215D-4A0F-975B-79EA34D3281A}.DebugOnline|x86.ActiveCfg = DebugOnline|Any CPU
		{29783B40-215D-4A0F-975B-79EA34D3281A}.DebugOnline|x86.Build.0 = DebugOnline|Any CPU
		{29783B40-215D-4A0F-975B-79EA34D3281A}.Release|Any CPU.ActiveCfg = Release|Any CPU
		{29783B40-215D-4A0F-975B-79EA34D3281A}.Release|Any CPU.Build.0 = Release|Any CPU
		{29783B40-215D-4A0F-975B-79EA34D3281A}.Release|ARM.ActiveCfg = Release|Any CPU
		{29783B40-215D-4A0F-975B-79EA34D3281A}.Release|ARM.Build.0 = Release|Any CPU
		{29783B40-215D-4A0F-975B-79EA34D3281A}.Release|ARM64.ActiveCfg = Release|Any CPU
		{29783B40-215D-4A0F-975B-79EA34D3281A}.Release|ARM64.Build.0 = Release|Any CPU
		{29783B40-215D-4A0F-975B-79EA34D3281A}.Release|x64.ActiveCfg = Release|Any CPU
		{29783B40-215D-4A0F-975B-79EA34D3281A}.Release|x64.Build.0 = Release|Any CPU
		{29783B40-215D-4A0F-975B-79EA34D3281A}.Release|x86.ActiveCfg = Release|Any CPU
		{29783B40-215D-4A0F-975B-79EA34D3281A}.Release|x86.Build.0 = Release|Any CPU
		{396D209A-C14E-41E6-9A2E-82D867F52D86}.Debug|Any CPU.ActiveCfg = Debug|Any CPU
		{396D209A-C14E-41E6-9A2E-82D867F52D86}.Debug|Any CPU.Build.0 = Debug|Any CPU
		{396D209A-C14E-41E6-9A2E-82D867F52D86}.Debug|ARM.ActiveCfg = Debug|Any CPU
		{396D209A-C14E-41E6-9A2E-82D867F52D86}.Debug|ARM.Build.0 = Debug|Any CPU
		{396D209A-C14E-41E6-9A2E-82D867F52D86}.Debug|ARM64.ActiveCfg = Debug|Any CPU
		{396D209A-C14E-41E6-9A2E-82D867F52D86}.Debug|ARM64.Build.0 = Debug|Any CPU
		{396D209A-C14E-41E6-9A2E-82D867F52D86}.Debug|x64.ActiveCfg = Debug|Any CPU
		{396D209A-C14E-41E6-9A2E-82D867F52D86}.Debug|x64.Build.0 = Debug|Any CPU
		{396D209A-C14E-41E6-9A2E-82D867F52D86}.Debug|x86.ActiveCfg = Debug|Any CPU
		{396D209A-C14E-41E6-9A2E-82D867F52D86}.Debug|x86.Build.0 = Debug|Any CPU
		{396D209A-C14E-41E6-9A2E-82D867F52D86}.DebugOffline|Any CPU.ActiveCfg = DebugOffline|Any CPU
		{396D209A-C14E-41E6-9A2E-82D867F52D86}.DebugOffline|Any CPU.Build.0 = DebugOffline|Any CPU
		{396D209A-C14E-41E6-9A2E-82D867F52D86}.DebugOffline|ARM.ActiveCfg = DebugOffline|Any CPU
		{396D209A-C14E-41E6-9A2E-82D867F52D86}.DebugOffline|ARM.Build.0 = DebugOffline|Any CPU
		{396D209A-C14E-41E6-9A2E-82D867F52D86}.DebugOffline|ARM64.ActiveCfg = DebugOffline|Any CPU
		{396D209A-C14E-41E6-9A2E-82D867F52D86}.DebugOffline|ARM64.Build.0 = DebugOffline|Any CPU
		{396D209A-C14E-41E6-9A2E-82D867F52D86}.DebugOffline|x64.ActiveCfg = DebugOffline|Any CPU
		{396D209A-C14E-41E6-9A2E-82D867F52D86}.DebugOffline|x64.Build.0 = DebugOffline|Any CPU
		{396D209A-C14E-41E6-9A2E-82D867F52D86}.DebugOffline|x86.ActiveCfg = DebugOffline|Any CPU
		{396D209A-C14E-41E6-9A2E-82D867F52D86}.DebugOffline|x86.Build.0 = DebugOffline|Any CPU
		{396D209A-C14E-41E6-9A2E-82D867F52D86}.DebugOnline|Any CPU.ActiveCfg = DebugOnline|Any CPU
		{396D209A-C14E-41E6-9A2E-82D867F52D86}.DebugOnline|Any CPU.Build.0 = DebugOnline|Any CPU
		{396D209A-C14E-41E6-9A2E-82D867F52D86}.DebugOnline|ARM.ActiveCfg = DebugOnline|Any CPU
		{396D209A-C14E-41E6-9A2E-82D867F52D86}.DebugOnline|ARM.Build.0 = DebugOnline|Any CPU
		{396D209A-C14E-41E6-9A2E-82D867F52D86}.DebugOnline|ARM64.ActiveCfg = DebugOnline|Any CPU
		{396D209A-C14E-41E6-9A2E-82D867F52D86}.DebugOnline|ARM64.Build.0 = DebugOnline|Any CPU
		{396D209A-C14E-41E6-9A2E-82D867F52D86}.DebugOnline|x64.ActiveCfg = DebugOnline|Any CPU
		{396D209A-C14E-41E6-9A2E-82D867F52D86}.DebugOnline|x64.Build.0 = DebugOnline|Any CPU
		{396D209A-C14E-41E6-9A2E-82D867F52D86}.DebugOnline|x86.ActiveCfg = DebugOnline|Any CPU
		{396D209A-C14E-41E6-9A2E-82D867F52D86}.DebugOnline|x86.Build.0 = DebugOnline|Any CPU
		{396D209A-C14E-41E6-9A2E-82D867F52D86}.Release|Any CPU.ActiveCfg = Release|Any CPU
		{396D209A-C14E-41E6-9A2E-82D867F52D86}.Release|Any CPU.Build.0 = Release|Any CPU
		{396D209A-C14E-41E6-9A2E-82D867F52D86}.Release|ARM.ActiveCfg = Release|Any CPU
		{396D209A-C14E-41E6-9A2E-82D867F52D86}.Release|ARM.Build.0 = Release|Any CPU
		{396D209A-C14E-41E6-9A2E-82D867F52D86}.Release|ARM64.ActiveCfg = Release|Any CPU
		{396D209A-C14E-41E6-9A2E-82D867F52D86}.Release|ARM64.Build.0 = Release|Any CPU
		{396D209A-C14E-41E6-9A2E-82D867F52D86}.Release|x64.ActiveCfg = Release|Any CPU
		{396D209A-C14E-41E6-9A2E-82D867F52D86}.Release|x64.Build.0 = Release|Any CPU
		{396D209A-C14E-41E6-9A2E-82D867F52D86}.Release|x86.ActiveCfg = Release|Any CPU
		{396D209A-C14E-41E6-9A2E-82D867F52D86}.Release|x86.Build.0 = Release|Any CPU
		{02CB3761-E0AE-45F3-A568-6AB202E2A8D5}.Debug|Any CPU.ActiveCfg = Debug|Any CPU
		{02CB3761-E0AE-45F3-A568-6AB202E2A8D5}.Debug|Any CPU.Build.0 = Debug|Any CPU
		{02CB3761-E0AE-45F3-A568-6AB202E2A8D5}.Debug|ARM.ActiveCfg = Debug|Any CPU
		{02CB3761-E0AE-45F3-A568-6AB202E2A8D5}.Debug|ARM.Build.0 = Debug|Any CPU
		{02CB3761-E0AE-45F3-A568-6AB202E2A8D5}.Debug|ARM64.ActiveCfg = Debug|Any CPU
		{02CB3761-E0AE-45F3-A568-6AB202E2A8D5}.Debug|ARM64.Build.0 = Debug|Any CPU
		{02CB3761-E0AE-45F3-A568-6AB202E2A8D5}.Debug|x64.ActiveCfg = Debug|Any CPU
		{02CB3761-E0AE-45F3-A568-6AB202E2A8D5}.Debug|x64.Build.0 = Debug|Any CPU
		{02CB3761-E0AE-45F3-A568-6AB202E2A8D5}.Debug|x86.ActiveCfg = Debug|Any CPU
		{02CB3761-E0AE-45F3-A568-6AB202E2A8D5}.Debug|x86.Build.0 = Debug|Any CPU
		{02CB3761-E0AE-45F3-A568-6AB202E2A8D5}.DebugOffline|Any CPU.ActiveCfg = Debug|Any CPU
		{02CB3761-E0AE-45F3-A568-6AB202E2A8D5}.DebugOffline|Any CPU.Build.0 = Debug|Any CPU
		{02CB3761-E0AE-45F3-A568-6AB202E2A8D5}.DebugOffline|ARM.ActiveCfg = Debug|Any CPU
		{02CB3761-E0AE-45F3-A568-6AB202E2A8D5}.DebugOffline|ARM.Build.0 = Debug|Any CPU
		{02CB3761-E0AE-45F3-A568-6AB202E2A8D5}.DebugOffline|ARM64.ActiveCfg = Debug|Any CPU
		{02CB3761-E0AE-45F3-A568-6AB202E2A8D5}.DebugOffline|ARM64.Build.0 = Debug|Any CPU
		{02CB3761-E0AE-45F3-A568-6AB202E2A8D5}.DebugOffline|x64.ActiveCfg = Debug|Any CPU
		{02CB3761-E0AE-45F3-A568-6AB202E2A8D5}.DebugOffline|x64.Build.0 = Debug|Any CPU
		{02CB3761-E0AE-45F3-A568-6AB202E2A8D5}.DebugOffline|x86.ActiveCfg = Debug|Any CPU
		{02CB3761-E0AE-45F3-A568-6AB202E2A8D5}.DebugOffline|x86.Build.0 = Debug|Any CPU
		{02CB3761-E0AE-45F3-A568-6AB202E2A8D5}.DebugOnline|Any CPU.ActiveCfg = Debug|Any CPU
		{02CB3761-E0AE-45F3-A568-6AB202E2A8D5}.DebugOnline|Any CPU.Build.0 = Debug|Any CPU
		{02CB3761-E0AE-45F3-A568-6AB202E2A8D5}.DebugOnline|ARM.ActiveCfg = Debug|Any CPU
		{02CB3761-E0AE-45F3-A568-6AB202E2A8D5}.DebugOnline|ARM.Build.0 = Debug|Any CPU
		{02CB3761-E0AE-45F3-A568-6AB202E2A8D5}.DebugOnline|ARM64.ActiveCfg = Debug|Any CPU
		{02CB3761-E0AE-45F3-A568-6AB202E2A8D5}.DebugOnline|ARM64.Build.0 = Debug|Any CPU
		{02CB3761-E0AE-45F3-A568-6AB202E2A8D5}.DebugOnline|x64.ActiveCfg = Debug|Any CPU
		{02CB3761-E0AE-45F3-A568-6AB202E2A8D5}.DebugOnline|x64.Build.0 = Debug|Any CPU
		{02CB3761-E0AE-45F3-A568-6AB202E2A8D5}.DebugOnline|x86.ActiveCfg = Debug|Any CPU
		{02CB3761-E0AE-45F3-A568-6AB202E2A8D5}.DebugOnline|x86.Build.0 = Debug|Any CPU
		{02CB3761-E0AE-45F3-A568-6AB202E2A8D5}.Release|Any CPU.ActiveCfg = Release|Any CPU
		{02CB3761-E0AE-45F3-A568-6AB202E2A8D5}.Release|Any CPU.Build.0 = Release|Any CPU
		{02CB3761-E0AE-45F3-A568-6AB202E2A8D5}.Release|ARM.ActiveCfg = Release|Any CPU
		{02CB3761-E0AE-45F3-A568-6AB202E2A8D5}.Release|ARM.Build.0 = Release|Any CPU
		{02CB3761-E0AE-45F3-A568-6AB202E2A8D5}.Release|ARM64.ActiveCfg = Release|Any CPU
		{02CB3761-E0AE-45F3-A568-6AB202E2A8D5}.Release|ARM64.Build.0 = Release|Any CPU
		{02CB3761-E0AE-45F3-A568-6AB202E2A8D5}.Release|x64.ActiveCfg = Release|Any CPU
		{02CB3761-E0AE-45F3-A568-6AB202E2A8D5}.Release|x64.Build.0 = Release|Any CPU
		{02CB3761-E0AE-45F3-A568-6AB202E2A8D5}.Release|x86.ActiveCfg = Release|Any CPU
		{02CB3761-E0AE-45F3-A568-6AB202E2A8D5}.Release|x86.Build.0 = Release|Any CPU
		{CF24B4D5-AFCF-4182-A293-21ABCA95C7BD}.Debug|Any CPU.ActiveCfg = Debug|Win32
		{CF24B4D5-AFCF-4182-A293-21ABCA95C7BD}.Debug|ARM.ActiveCfg = Debug|ARM
		{CF24B4D5-AFCF-4182-A293-21ABCA95C7BD}.Debug|ARM.Build.0 = Debug|ARM
		{CF24B4D5-AFCF-4182-A293-21ABCA95C7BD}.Debug|ARM.Deploy.0 = Debug|ARM
		{CF24B4D5-AFCF-4182-A293-21ABCA95C7BD}.Debug|ARM64.ActiveCfg = Debug|ARM64
		{CF24B4D5-AFCF-4182-A293-21ABCA95C7BD}.Debug|ARM64.Build.0 = Debug|ARM64
		{CF24B4D5-AFCF-4182-A293-21ABCA95C7BD}.Debug|ARM64.Deploy.0 = Debug|ARM64
		{CF24B4D5-AFCF-4182-A293-21ABCA95C7BD}.Debug|x64.ActiveCfg = Debug|x64
		{CF24B4D5-AFCF-4182-A293-21ABCA95C7BD}.Debug|x64.Build.0 = Debug|x64
		{CF24B4D5-AFCF-4182-A293-21ABCA95C7BD}.Debug|x64.Deploy.0 = Debug|x64
		{CF24B4D5-AFCF-4182-A293-21ABCA95C7BD}.Debug|x86.ActiveCfg = Debug|Win32
		{CF24B4D5-AFCF-4182-A293-21ABCA95C7BD}.Debug|x86.Build.0 = Debug|Win32
		{CF24B4D5-AFCF-4182-A293-21ABCA95C7BD}.Debug|x86.Deploy.0 = Debug|Win32
		{CF24B4D5-AFCF-4182-A293-21ABCA95C7BD}.DebugOffline|Any CPU.ActiveCfg = Release|x64
		{CF24B4D5-AFCF-4182-A293-21ABCA95C7BD}.DebugOffline|Any CPU.Build.0 = Release|x64
		{CF24B4D5-AFCF-4182-A293-21ABCA95C7BD}.DebugOffline|Any CPU.Deploy.0 = Release|x64
		{CF24B4D5-AFCF-4182-A293-21ABCA95C7BD}.DebugOffline|ARM.ActiveCfg = Debug|ARM
		{CF24B4D5-AFCF-4182-A293-21ABCA95C7BD}.DebugOffline|ARM.Build.0 = Debug|ARM
		{CF24B4D5-AFCF-4182-A293-21ABCA95C7BD}.DebugOffline|ARM.Deploy.0 = Debug|ARM
		{CF24B4D5-AFCF-4182-A293-21ABCA95C7BD}.DebugOffline|ARM64.ActiveCfg = Debug|ARM64
		{CF24B4D5-AFCF-4182-A293-21ABCA95C7BD}.DebugOffline|ARM64.Build.0 = Debug|ARM64
		{CF24B4D5-AFCF-4182-A293-21ABCA95C7BD}.DebugOffline|ARM64.Deploy.0 = Debug|ARM64
		{CF24B4D5-AFCF-4182-A293-21ABCA95C7BD}.DebugOffline|x64.ActiveCfg = Debug|x64
		{CF24B4D5-AFCF-4182-A293-21ABCA95C7BD}.DebugOffline|x64.Build.0 = Debug|x64
		{CF24B4D5-AFCF-4182-A293-21ABCA95C7BD}.DebugOffline|x64.Deploy.0 = Debug|x64
		{CF24B4D5-AFCF-4182-A293-21ABCA95C7BD}.DebugOffline|x86.ActiveCfg = Debug|Win32
		{CF24B4D5-AFCF-4182-A293-21ABCA95C7BD}.DebugOffline|x86.Build.0 = Debug|Win32
		{CF24B4D5-AFCF-4182-A293-21ABCA95C7BD}.DebugOffline|x86.Deploy.0 = Debug|Win32
		{CF24B4D5-AFCF-4182-A293-21ABCA95C7BD}.DebugOnline|Any CPU.ActiveCfg = Release|x64
		{CF24B4D5-AFCF-4182-A293-21ABCA95C7BD}.DebugOnline|Any CPU.Build.0 = Release|x64
		{CF24B4D5-AFCF-4182-A293-21ABCA95C7BD}.DebugOnline|Any CPU.Deploy.0 = Release|x64
		{CF24B4D5-AFCF-4182-A293-21ABCA95C7BD}.DebugOnline|ARM.ActiveCfg = Debug|ARM
		{CF24B4D5-AFCF-4182-A293-21ABCA95C7BD}.DebugOnline|ARM.Build.0 = Debug|ARM
		{CF24B4D5-AFCF-4182-A293-21ABCA95C7BD}.DebugOnline|ARM.Deploy.0 = Debug|ARM
		{CF24B4D5-AFCF-4182-A293-21ABCA95C7BD}.DebugOnline|ARM64.ActiveCfg = Debug|ARM64
		{CF24B4D5-AFCF-4182-A293-21ABCA95C7BD}.DebugOnline|ARM64.Build.0 = Debug|ARM64
		{CF24B4D5-AFCF-4182-A293-21ABCA95C7BD}.DebugOnline|ARM64.Deploy.0 = Debug|ARM64
		{CF24B4D5-AFCF-4182-A293-21ABCA95C7BD}.DebugOnline|x64.ActiveCfg = Debug|x64
		{CF24B4D5-AFCF-4182-A293-21ABCA95C7BD}.DebugOnline|x64.Build.0 = Debug|x64
		{CF24B4D5-AFCF-4182-A293-21ABCA95C7BD}.DebugOnline|x64.Deploy.0 = Debug|x64
		{CF24B4D5-AFCF-4182-A293-21ABCA95C7BD}.DebugOnline|x86.ActiveCfg = Debug|Win32
		{CF24B4D5-AFCF-4182-A293-21ABCA95C7BD}.DebugOnline|x86.Build.0 = Debug|Win32
		{CF24B4D5-AFCF-4182-A293-21ABCA95C7BD}.DebugOnline|x86.Deploy.0 = Debug|Win32
		{CF24B4D5-AFCF-4182-A293-21ABCA95C7BD}.Release|Any CPU.ActiveCfg = Release|Win32
		{CF24B4D5-AFCF-4182-A293-21ABCA95C7BD}.Release|ARM.ActiveCfg = Release|ARM
		{CF24B4D5-AFCF-4182-A293-21ABCA95C7BD}.Release|ARM.Build.0 = Release|ARM
		{CF24B4D5-AFCF-4182-A293-21ABCA95C7BD}.Release|ARM.Deploy.0 = Release|ARM
		{CF24B4D5-AFCF-4182-A293-21ABCA95C7BD}.Release|ARM64.ActiveCfg = Release|ARM64
		{CF24B4D5-AFCF-4182-A293-21ABCA95C7BD}.Release|ARM64.Build.0 = Release|ARM64
		{CF24B4D5-AFCF-4182-A293-21ABCA95C7BD}.Release|ARM64.Deploy.0 = Release|ARM64
		{CF24B4D5-AFCF-4182-A293-21ABCA95C7BD}.Release|x64.ActiveCfg = Release|x64
		{CF24B4D5-AFCF-4182-A293-21ABCA95C7BD}.Release|x64.Build.0 = Release|x64
		{CF24B4D5-AFCF-4182-A293-21ABCA95C7BD}.Release|x64.Deploy.0 = Release|x64
		{CF24B4D5-AFCF-4182-A293-21ABCA95C7BD}.Release|x86.ActiveCfg = Release|Win32
		{CF24B4D5-AFCF-4182-A293-21ABCA95C7BD}.Release|x86.Build.0 = Release|Win32
		{CF24B4D5-AFCF-4182-A293-21ABCA95C7BD}.Release|x86.Deploy.0 = Release|Win32
	EndGlobalSection
	GlobalSection(SolutionProperties) = preSolution
		HideSolutionNode = FALSE
	EndGlobalSection
	GlobalSection(NestedProjects) = preSolution
		{A5C160E3-AB60-46B7-B00C-892B47652EA9} = {BFF50FEA-2237-43AE-B2DD-39C96E3F2122}
		{A05DE8AB-C4B3-4BD4-AEAF-AA28C4D46287} = {ADB392E9-F005-48A2-B80D-5D921320D010}
		{AB64399D-4736-4E7C-8E28-E1B315560FE0} = {ADB392E9-F005-48A2-B80D-5D921320D010}
		{0E50B61B-880F-452D-A059-DEC50B51CFF1} = {BFF50FEA-2237-43AE-B2DD-39C96E3F2122}
		{0F000860-8858-406E-93CE-5D130AF59B89} = {5EC8A91F-7249-45A6-87D1-1BC553603D45}
		{0641B90A-B83B-4C2D-8788-9D9C216E835A} = {5EC8A91F-7249-45A6-87D1-1BC553603D45}
		{FE27A5C7-BADC-40C5-8324-D320D3EAC1AE} = {1E22AC07-9E6C-473D-86F4-AFDFC58E210C}
		{29783B40-215D-4A0F-975B-79EA34D3281A} = {1E22AC07-9E6C-473D-86F4-AFDFC58E210C}
		{02CB3761-E0AE-45F3-A568-6AB202E2A8D5} = {BFF50FEA-2237-43AE-B2DD-39C96E3F2122}
		{CF24B4D5-AFCF-4182-A293-21ABCA95C7BD} = {BFF50FEA-2237-43AE-B2DD-39C96E3F2122}
	EndGlobalSection
	GlobalSection(ExtensibilityGlobals) = postSolution
		SolutionGuid = {0AF7DC24-E9C6-4A84-AA9B-7D392F551EE5}
	EndGlobalSection
EndGlobal
